# This file is @generated by PDM.
# It is not intended for manual editing.

[metadata]
groups = ["default", "dev"]
strategy = ["cross_platform", "inherit_metadata"]
lock_version = "4.4.1"
content_hash = "sha256:4958861d10ab3b829c26eb74839cb46af0098e5b79ecd595230b30f8b1cb4c43"

[[package]]
name = "annotated-types"
version = "0.7.0"
requires_python = ">=3.8"
summary = "Reusable constraint types to use with typing.Annotated"
groups = ["default"]
files = [
    {file = "annotated_types-0.7.0-py3-none-any.whl", hash = "sha256:1f02e8b43a8fbbc3f3e0d4f0f4bfc8131bcb4eebe8849b8e5c773f3a1c582a53"},
    {file = "annotated_types-0.7.0.tar.gz", hash = "sha256:aff07c09a53a08bc8cfccb9c85b05f1aa9a2a6f23728d790723543408344ce89"},
]

[[package]]
name = "black"
version = "24.4.2"
requires_python = ">=3.8"
summary = "The uncompromising code formatter."
groups = ["dev"]
dependencies = [
    "click>=8.0.0",
    "mypy-extensions>=0.4.3",
    "packaging>=22.0",
    "pathspec>=0.9.0",
    "platformdirs>=2",
]
files = [
    {file = "black-24.4.2-cp312-cp312-macosx_10_9_x86_64.whl", hash = "sha256:accf49e151c8ed2c0cdc528691838afd217c50412534e876a19270fea1e28e2d"},
    {file = "black-24.4.2-cp312-cp312-macosx_11_0_arm64.whl", hash = "sha256:88c57dc656038f1ab9f92b3eb5335ee9b021412feaa46330d5eba4e51fe49b04"},
    {file = "black-24.4.2-cp312-cp312-manylinux_2_17_x86_64.manylinux2014_x86_64.whl", hash = "sha256:be8bef99eb46d5021bf053114442914baeb3649a89dc5f3a555c88737e5e98fc"},
    {file = "black-24.4.2-cp312-cp312-win_amd64.whl", hash = "sha256:415e686e87dbbe6f4cd5ef0fbf764af7b89f9057b97c908742b6008cc554b9c0"},
    {file = "black-24.4.2-py3-none-any.whl", hash = "sha256:d36ed1124bb81b32f8614555b34cc4259c3fbc7eec17870e8ff8ded335b58d8c"},
    {file = "black-24.4.2.tar.gz", hash = "sha256:c872b53057f000085da66a19c55d68f6f8ddcac2642392ad3a355878406fbd4d"},
]

[[package]]
name = "blinker"
version = "1.8.2"
requires_python = ">=3.8"
summary = "Fast, simple object-to-object and broadcast signaling"
groups = ["default"]
files = [
    {file = "blinker-1.8.2-py3-none-any.whl", hash = "sha256:1779309f71bf239144b9399d06ae925637cf6634cf6bd131104184531bf67c01"},
    {file = "blinker-1.8.2.tar.gz", hash = "sha256:8f77b09d3bf7c795e969e9486f39c2c5e9c39d4ee07424be2bc594ece9642d83"},
]

[[package]]
name = "blis"
version = "0.7.11"
summary = "The Blis BLAS-like linear algebra library, as a self-contained C-extension."
groups = ["default"]
dependencies = [
    "numpy>=1.19.0; python_version >= \"3.9\"",
]
files = [
    {file = "blis-0.7.11-cp312-cp312-macosx_10_9_x86_64.whl", hash = "sha256:dadf8713ea51d91444d14ad4104a5493fa7ecc401bbb5f4a203ff6448fadb113"},
    {file = "blis-0.7.11-cp312-cp312-macosx_11_0_arm64.whl", hash = "sha256:5bcdaf370f03adaf4171d6405a89fa66cb3c09399d75fc02e1230a78cd2759e4"},
    {file = "blis-0.7.11-cp312-cp312-manylinux_2_17_aarch64.manylinux2014_aarch64.whl", hash = "sha256:7de19264b1d49a178bf8035406d0ae77831f3bfaa3ce02942964a81a202abb03"},
    {file = "blis-0.7.11-cp312-cp312-manylinux_2_17_x86_64.manylinux2014_x86_64.whl", hash = "sha256:8ea55c6a4a60fcbf6a0fdce40df6e254451ce636988323a34b9c94b583fc11e5"},
    {file = "blis-0.7.11-cp312-cp312-win_amd64.whl", hash = "sha256:5a305dbfc96d202a20d0edd6edf74a406b7e1404f4fa4397d24c68454e60b1b4"},
    {file = "blis-0.7.11.tar.gz", hash = "sha256:cec6d48f75f7ac328ae1b6fbb372dde8c8a57c89559172277f66e01ff08d4d42"},
]

[[package]]
name = "catalogue"
version = "2.0.10"
requires_python = ">=3.6"
summary = "Super lightweight function registries for your library"
groups = ["default"]
files = [
    {file = "catalogue-2.0.10-py3-none-any.whl", hash = "sha256:58c2de0020aa90f4a2da7dfad161bf7b3b054c86a5f09fcedc0b2b740c109a9f"},
    {file = "catalogue-2.0.10.tar.gz", hash = "sha256:4f56daa940913d3f09d589c191c74e5a6d51762b3a9e37dd53b7437afd6cda15"},
]

[[package]]
name = "certifi"
version = "2024.6.2"
requires_python = ">=3.6"
summary = "Python package for providing Mozilla's CA Bundle."
groups = ["default"]
files = [
    {file = "certifi-2024.6.2-py3-none-any.whl", hash = "sha256:ddc6c8ce995e6987e7faf5e3f1b02b302836a0e5d98ece18392cb1a36c72ad56"},
    {file = "certifi-2024.6.2.tar.gz", hash = "sha256:3cd43f1c6fa7dedc5899d69d3ad0398fd018ad1a17fba83ddaf78aa46c747516"},
]

[[package]]
name = "charset-normalizer"
version = "3.3.2"
requires_python = ">=3.7.0"
summary = "The Real First Universal Charset Detector. Open, modern and actively maintained alternative to Chardet."
groups = ["default"]
files = [
    {file = "charset-normalizer-3.3.2.tar.gz", hash = "sha256:f30c3cb33b24454a82faecaf01b19c18562b1e89558fb6c56de4d9118a032fd5"},
    {file = "charset_normalizer-3.3.2-cp312-cp312-macosx_10_9_universal2.whl", hash = "sha256:0b2b64d2bb6d3fb9112bafa732def486049e63de9618b5843bcdd081d8144cd8"},
    {file = "charset_normalizer-3.3.2-cp312-cp312-macosx_10_9_x86_64.whl", hash = "sha256:ddbb2551d7e0102e7252db79ba445cdab71b26640817ab1e3e3648dad515003b"},
    {file = "charset_normalizer-3.3.2-cp312-cp312-macosx_11_0_arm64.whl", hash = "sha256:55086ee1064215781fff39a1af09518bc9255b50d6333f2e4c74ca09fac6a8f6"},
    {file = "charset_normalizer-3.3.2-cp312-cp312-manylinux_2_17_aarch64.manylinux2014_aarch64.whl", hash = "sha256:8f4a014bc36d3c57402e2977dada34f9c12300af536839dc38c0beab8878f38a"},
    {file = "charset_normalizer-3.3.2-cp312-cp312-manylinux_2_17_ppc64le.manylinux2014_ppc64le.whl", hash = "sha256:a10af20b82360ab00827f916a6058451b723b4e65030c5a18577c8b2de5b3389"},
    {file = "charset_normalizer-3.3.2-cp312-cp312-manylinux_2_17_s390x.manylinux2014_s390x.whl", hash = "sha256:8d756e44e94489e49571086ef83b2bb8ce311e730092d2c34ca8f7d925cb20aa"},
    {file = "charset_normalizer-3.3.2-cp312-cp312-manylinux_2_17_x86_64.manylinux2014_x86_64.whl", hash = "sha256:90d558489962fd4918143277a773316e56c72da56ec7aa3dc3dbbe20fdfed15b"},
    {file = "charset_normalizer-3.3.2-cp312-cp312-manylinux_2_5_i686.manylinux1_i686.manylinux_2_17_i686.manylinux2014_i686.whl", hash = "sha256:6ac7ffc7ad6d040517be39eb591cac5ff87416c2537df6ba3cba3bae290c0fed"},
    {file = "charset_normalizer-3.3.2-cp312-cp312-musllinux_1_1_aarch64.whl", hash = "sha256:7ed9e526742851e8d5cc9e6cf41427dfc6068d4f5a3bb03659444b4cabf6bc26"},
    {file = "charset_normalizer-3.3.2-cp312-cp312-musllinux_1_1_i686.whl", hash = "sha256:8bdb58ff7ba23002a4c5808d608e4e6c687175724f54a5dade5fa8c67b604e4d"},
    {file = "charset_normalizer-3.3.2-cp312-cp312-musllinux_1_1_ppc64le.whl", hash = "sha256:6b3251890fff30ee142c44144871185dbe13b11bab478a88887a639655be1068"},
    {file = "charset_normalizer-3.3.2-cp312-cp312-musllinux_1_1_s390x.whl", hash = "sha256:b4a23f61ce87adf89be746c8a8974fe1c823c891d8f86eb218bb957c924bb143"},
    {file = "charset_normalizer-3.3.2-cp312-cp312-musllinux_1_1_x86_64.whl", hash = "sha256:efcb3f6676480691518c177e3b465bcddf57cea040302f9f4e6e191af91174d4"},
    {file = "charset_normalizer-3.3.2-cp312-cp312-win32.whl", hash = "sha256:d965bba47ddeec8cd560687584e88cf699fd28f192ceb452d1d7ee807c5597b7"},
    {file = "charset_normalizer-3.3.2-cp312-cp312-win_amd64.whl", hash = "sha256:96b02a3dc4381e5494fad39be677abcb5e6634bf7b4fa83a6dd3112607547001"},
    {file = "charset_normalizer-3.3.2-py3-none-any.whl", hash = "sha256:3e4d1f6587322d2788836a99c69062fbb091331ec940e02d12d179c1d53e25fc"},
]

[[package]]
name = "click"
version = "8.1.7"
requires_python = ">=3.7"
summary = "Composable command line interface toolkit"
groups = ["default", "dev"]
dependencies = [
    "colorama; platform_system == \"Windows\"",
]
files = [
    {file = "click-8.1.7-py3-none-any.whl", hash = "sha256:ae74fb96c20a0277a1d615f1e4d73c8414f5a98db8b799a7931d1582f3390c28"},
    {file = "click-8.1.7.tar.gz", hash = "sha256:ca9853ad459e787e2192211578cc907e7594e294c7ccc834310722b41b9ca6de"},
]

[[package]]
name = "cloudpathlib"
version = "0.16.0"
requires_python = ">=3.7"
summary = "pathlib-style classes for cloud storage services."
groups = ["default"]
files = [
    {file = "cloudpathlib-0.16.0-py3-none-any.whl", hash = "sha256:f46267556bf91f03db52b5df7a152548596a15aabca1c8731ef32b0b25a1a6a3"},
    {file = "cloudpathlib-0.16.0.tar.gz", hash = "sha256:cdfcd35d46d529587d744154a0bdf962aca953b725c8784cd2ec478354ea63a3"},
]

[[package]]
name = "colorama"
version = "0.4.6"
requires_python = "!=3.0.*,!=3.1.*,!=3.2.*,!=3.3.*,!=3.4.*,!=3.5.*,!=3.6.*,>=2.7"
summary = "Cross-platform colored terminal text."
groups = ["default", "dev"]
marker = "sys_platform == \"win32\" and python_version >= \"3.7\" or platform_system == \"Windows\""
files = [
    {file = "colorama-0.4.6-py2.py3-none-any.whl", hash = "sha256:4f1d9991f5acc0ca119f9d443620b77f9d6b33703e51011c16baf57afb285fc6"},
    {file = "colorama-0.4.6.tar.gz", hash = "sha256:08695f5cb7ed6e0531a20572697297273c47b8cae5a63ffc6d6ed5c201be6e44"},
]

[[package]]
name = "confection"
version = "0.1.5"
requires_python = ">=3.6"
summary = "The sweetest config system for Python"
groups = ["default"]
dependencies = [
    "pydantic!=1.8,!=1.8.1,<3.0.0,>=1.7.4",
    "srsly<3.0.0,>=2.4.0",
]
files = [
    {file = "confection-0.1.5-py3-none-any.whl", hash = "sha256:e29d3c3f8eac06b3f77eb9dfb4bf2fc6bcc9622a98ca00a698e3d019c6430b14"},
    {file = "confection-0.1.5.tar.gz", hash = "sha256:8e72dd3ca6bd4f48913cd220f10b8275978e740411654b6e8ca6d7008c590f0e"},
]

[[package]]
name = "cymem"
version = "2.0.8"
summary = "Manage calls to calloc/free through Cython"
groups = ["default"]
files = [
    {file = "cymem-2.0.8-cp312-cp312-macosx_10_9_x86_64.whl", hash = "sha256:cb51fddf1b920abb1f2742d1d385469bc7b4b8083e1cfa60255e19bc0900ccb5"},
    {file = "cymem-2.0.8-cp312-cp312-macosx_11_0_arm64.whl", hash = "sha256:9235957f8c6bc2574a6a506a1687164ad629d0b4451ded89d49ebfc61b52660c"},
    {file = "cymem-2.0.8-cp312-cp312-manylinux_2_17_aarch64.manylinux2014_aarch64.whl", hash = "sha256:a2cc38930ff5409f8d61f69a01e39ecb185c175785a1c9bec13bcd3ac8a614ba"},
    {file = "cymem-2.0.8-cp312-cp312-manylinux_2_17_x86_64.manylinux2014_x86_64.whl", hash = "sha256:7bf49e3ea2c441f7b7848d5c61b50803e8cbd49541a70bb41ad22fce76d87603"},
    {file = "cymem-2.0.8-cp312-cp312-win_amd64.whl", hash = "sha256:ecd12e3bacf3eed5486e4cd8ede3c12da66ee0e0a9d0ae046962bc2bb503acef"},
    {file = "cymem-2.0.8.tar.gz", hash = "sha256:8fb09d222e21dcf1c7e907dc85cf74501d4cea6c4ed4ac6c9e016f98fb59cbbf"},
]

[[package]]
name = "flake8"
version = "7.1.0"
requires_python = ">=3.8.1"
summary = "the modular source code checker: pep8 pyflakes and co"
groups = ["dev"]
dependencies = [
    "mccabe<0.8.0,>=0.7.0",
    "pycodestyle<2.13.0,>=2.12.0",
    "pyflakes<3.3.0,>=3.2.0",
]
files = [
    {file = "flake8-7.1.0-py2.py3-none-any.whl", hash = "sha256:2e416edcc62471a64cea09353f4e7bdba32aeb079b6e360554c659a122b1bc6a"},
    {file = "flake8-7.1.0.tar.gz", hash = "sha256:48a07b626b55236e0fb4784ee69a465fbf59d79eec1f5b4785c3d3bc57d17aa5"},
]

[[package]]
name = "flask"
version = "3.0.3"
requires_python = ">=3.8"
summary = "A simple framework for building complex web applications."
groups = ["default"]
dependencies = [
    "Jinja2>=3.1.2",
    "Werkzeug>=3.0.0",
    "blinker>=1.6.2",
    "click>=8.1.3",
    "itsdangerous>=2.1.2",
]
files = [
    {file = "flask-3.0.3-py3-none-any.whl", hash = "sha256:34e815dfaa43340d1d15a5c3a02b8476004037eb4840b34910c6e21679d288f3"},
    {file = "flask-3.0.3.tar.gz", hash = "sha256:ceb27b0af3823ea2737928a4d99d125a06175b8512c445cbd9a9ce200ef76842"},
]

[[package]]
name = "idna"
version = "3.7"
requires_python = ">=3.5"
summary = "Internationalized Domain Names in Applications (IDNA)"
groups = ["default"]
files = [
    {file = "idna-3.7-py3-none-any.whl", hash = "sha256:82fee1fc78add43492d3a1898bfa6d8a904cc97d8427f683ed8e798d07761aa0"},
    {file = "idna-3.7.tar.gz", hash = "sha256:028ff3aadf0609c1fd278d8ea3089299412a7a8b9bd005dd08b9f8285bcb5cfc"},
]

[[package]]
name = "itsdangerous"
version = "2.2.0"
requires_python = ">=3.8"
summary = "Safely pass data to untrusted environments and back."
groups = ["default"]
files = [
    {file = "itsdangerous-2.2.0-py3-none-any.whl", hash = "sha256:c6242fc49e35958c8b15141343aa660db5fc54d4f13a1db01a3f5891b98700ef"},
    {file = "itsdangerous-2.2.0.tar.gz", hash = "sha256:e0050c0b7da1eea53ffaf149c0cfbb5c6e2e2b69c4bef22c81fa6eb73e5f6173"},
]

[[package]]
name = "jinja2"
version = "3.1.4"
requires_python = ">=3.7"
summary = "A very fast and expressive template engine."
groups = ["default"]
dependencies = [
    "MarkupSafe>=2.0",
]
files = [
    {file = "jinja2-3.1.4-py3-none-any.whl", hash = "sha256:bc5dd2abb727a5319567b7a813e6a2e7318c39f4f487cfe6c89c6f9c7d25197d"},
    {file = "jinja2-3.1.4.tar.gz", hash = "sha256:4a3aee7acbbe7303aede8e9648d13b8bf88a429282aa6122a993f0ac800cb369"},
]

[[package]]
name = "langcodes"
version = "3.4.0"
requires_python = ">=3.8"
summary = "Tools for labeling human languages with IETF language tags"
groups = ["default"]
dependencies = [
    "language-data>=1.2",
]
files = [
    {file = "langcodes-3.4.0-py3-none-any.whl", hash = "sha256:10a4cc078b8e8937d8485d3352312a0a89a3125190db9f2bb2074250eef654e9"},
    {file = "langcodes-3.4.0.tar.gz", hash = "sha256:ae5a77d1a01d0d1e91854a671890892b7ce9abb601ab7327fc5c874f899e1979"},
]

[[package]]
name = "language-data"
version = "1.2.0"
summary = "Supplementary data about languages used by the langcodes module"
groups = ["default"]
dependencies = [
    "marisa-trie>=0.7.7",
]
files = [
    {file = "language_data-1.2.0-py3-none-any.whl", hash = "sha256:77d5cab917f91ee0b2f1aa7018443e911cf8985ef734ca2ba3940770f6a3816b"},
    {file = "language_data-1.2.0.tar.gz", hash = "sha256:82a86050bbd677bfde87d97885b17566cfe75dad3ac4f5ce44b52c28f752e773"},
]

[[package]]
name = "marisa-trie"
version = "1.2.0"
requires_python = ">=3.7"
summary = "Static memory-efficient and fast Trie-like structures for Python."
groups = ["default"]
dependencies = [
    "setuptools",
]
files = [
    {file = "marisa_trie-1.2.0-cp312-cp312-macosx_10_9_universal2.whl", hash = "sha256:39b88f126988ea83e8458259297d2b2f9391bfba8f4dc5d7a246813aae1c1def"},
    {file = "marisa_trie-1.2.0-cp312-cp312-macosx_10_9_x86_64.whl", hash = "sha256:ec167b006884a90d130ee30518a9aa44cb40211f702bf07031b2d7d4d1db569b"},
    {file = "marisa_trie-1.2.0-cp312-cp312-macosx_11_0_arm64.whl", hash = "sha256:1b855e6286faef5411386bf9d676dfb545c09f7d109f197f347c9366aeb12f07"},
    {file = "marisa_trie-1.2.0-cp312-cp312-manylinux_2_17_aarch64.manylinux2014_aarch64.whl", hash = "sha256:8cd287ff323224d87c2b739cba39614aac3737c95a254e0ff70e77d9b8df226d"},
    {file = "marisa_trie-1.2.0-cp312-cp312-manylinux_2_17_x86_64.manylinux2014_x86_64.whl", hash = "sha256:5d8a1c0361165231f4fb915237470afc8cc4803c535f535f4fc42ca72855b124"},
    {file = "marisa_trie-1.2.0-cp312-cp312-manylinux_2_5_i686.manylinux1_i686.manylinux_2_17_i686.manylinux2014_i686.whl", hash = "sha256:3267f438d258d7d85ee3dde363c4f96c3196ca9cd9e63fe429a59543cc544b15"},
    {file = "marisa_trie-1.2.0-cp312-cp312-musllinux_1_2_aarch64.whl", hash = "sha256:7c87a0c2cccce12b07bfcb70708637c0816970282d966a1531ecda1a24bd1cc8"},
    {file = "marisa_trie-1.2.0-cp312-cp312-musllinux_1_2_i686.whl", hash = "sha256:d3c0e38f0501951e2322f7274a39b8e2344bbd91ceaa9da439f46022570ddc9d"},
    {file = "marisa_trie-1.2.0-cp312-cp312-musllinux_1_2_x86_64.whl", hash = "sha256:cd88a338c87e6dc130b6cea7b697580c21f0c83a8a8b46671cfecbb713d3fe24"},
    {file = "marisa_trie-1.2.0-cp312-cp312-win32.whl", hash = "sha256:5cea60975184f03fbcff51339df0eb44d2abe106a1693983cc64415eb87b897b"},
    {file = "marisa_trie-1.2.0-cp312-cp312-win_amd64.whl", hash = "sha256:b04a07b99b62b9bdf3eaf1d44571a3293ce249ce8971944e780c9c709593462f"},
    {file = "marisa_trie-1.2.0-pp310-pypy310_pp73-macosx_10_9_x86_64.whl", hash = "sha256:035c4c8f3b313b4d7b7451ddd539da811a11077a9e359c6a0345f816b1bdccb3"},
    {file = "marisa_trie-1.2.0-pp310-pypy310_pp73-macosx_11_0_arm64.whl", hash = "sha256:d4f05c2ee218a5ab09d269b640d06f9708b0cf37c842344cbdffb0661c74c472"},
    {file = "marisa_trie-1.2.0-pp310-pypy310_pp73-manylinux_2_17_aarch64.manylinux2014_aarch64.whl", hash = "sha256:92ac63e1519598de946c7d9346df3bb52ed96968eb3021b4e89b51d79bc72a86"},
    {file = "marisa_trie-1.2.0-pp310-pypy310_pp73-manylinux_2_17_x86_64.manylinux2014_x86_64.whl", hash = "sha256:045f32eaeb5dcdb5beadb571ba616d7a34141764b616eebb4decce71b366f5fa"},
    {file = "marisa_trie-1.2.0-pp310-pypy310_pp73-manylinux_2_5_i686.manylinux1_i686.manylinux_2_17_i686.manylinux2014_i686.whl", hash = "sha256:cb60c2f9897ce2bfc31a69ac25a040de4f8643ab2a339bb0ff1185e1a9dedaf8"},
    {file = "marisa_trie-1.2.0-pp310-pypy310_pp73-win_amd64.whl", hash = "sha256:f19c5fcf23c02f1303deb69c67603ee37ed8f01de2d8b19f1716a6cf5afd5455"},
    {file = "marisa_trie-1.2.0-pp37-pypy37_pp73-macosx_10_9_x86_64.whl", hash = "sha256:a06a77075240eb83a47b780902322e66c968a06a2b6318cab06757c65ea64190"},
    {file = "marisa_trie-1.2.0-pp37-pypy37_pp73-manylinux_2_17_aarch64.manylinux2014_aarch64.whl", hash = "sha256:125016400449e46ec0e5fabd14c8314959c4dfa02ffc2861195c99efa2b5b011"},
    {file = "marisa_trie-1.2.0-pp37-pypy37_pp73-manylinux_2_17_x86_64.manylinux2014_x86_64.whl", hash = "sha256:c57647dd9f9ba16fc5bb4679c915d7d48d5c0b25134fb10f095ccd839686a027"},
    {file = "marisa_trie-1.2.0-pp37-pypy37_pp73-manylinux_2_5_i686.manylinux1_i686.manylinux_2_17_i686.manylinux2014_i686.whl", hash = "sha256:6601e74338fb31e1b20674257706150113463182a01d3a1310df6b8840720b17"},
    {file = "marisa_trie-1.2.0-pp37-pypy37_pp73-win_amd64.whl", hash = "sha256:ce2f68e1000c4c72820c5b2c9d037f326fcf75f036453a5e629f225f99b92cfc"},
    {file = "marisa_trie-1.2.0-pp38-pypy38_pp73-macosx_10_9_x86_64.whl", hash = "sha256:069ac10a133d96b3f3ed1cc071b973a3f28490345e7941c778a1d81cf176f04a"},
    {file = "marisa_trie-1.2.0-pp38-pypy38_pp73-macosx_11_0_arm64.whl", hash = "sha256:de9911480ce2a0513582cb84ee4484e5ee8791e692276c7f5cd7378e114d1988"},
    {file = "marisa_trie-1.2.0-pp38-pypy38_pp73-manylinux_2_17_aarch64.manylinux2014_aarch64.whl", hash = "sha256:4cfec001cf233e8853a29e1c2bb74031c217aa61e7bd19389007e04861855731"},
    {file = "marisa_trie-1.2.0-pp38-pypy38_pp73-manylinux_2_17_x86_64.manylinux2014_x86_64.whl", hash = "sha256:bd1f3ef8de89684fbdd6aaead09d53b82e718bad4375d2beb938cbd24b48c51a"},
    {file = "marisa_trie-1.2.0-pp38-pypy38_pp73-manylinux_2_5_i686.manylinux1_i686.manylinux_2_17_i686.manylinux2014_i686.whl", hash = "sha256:65f5d8c1ecc85283b5b03a1475a5da723b94b3beda752c895b2f748477d8f1b1"},
    {file = "marisa_trie-1.2.0-pp38-pypy38_pp73-win_amd64.whl", hash = "sha256:2e7540f844c1de493a90ad7d0f5bffc6a2cba19fe312d6db7b97aceff11d97f8"},
    {file = "marisa_trie-1.2.0-pp39-pypy39_pp73-macosx_10_9_x86_64.whl", hash = "sha256:2fb9243f66563285677079c9dccc697d35985287bacb36c8e685305687b0e025"},
    {file = "marisa_trie-1.2.0-pp39-pypy39_pp73-macosx_11_0_arm64.whl", hash = "sha256:58e2b84cbb6394f9c567f1f4351fc2995a094e1b684da9b577d4139b145401d6"},
    {file = "marisa_trie-1.2.0-pp39-pypy39_pp73-manylinux_2_17_aarch64.manylinux2014_aarch64.whl", hash = "sha256:5b4a8d3ed1f1b8f551b52e11a1265eaf0718f06bb206654b2c529cecda0913dd"},
    {file = "marisa_trie-1.2.0-pp39-pypy39_pp73-manylinux_2_17_x86_64.manylinux2014_x86_64.whl", hash = "sha256:a97652c5fbc92f52100afe1c4583625015611000fa81606ad17f1b3bbb9f3bfa"},
    {file = "marisa_trie-1.2.0-pp39-pypy39_pp73-manylinux_2_5_i686.manylinux1_i686.manylinux_2_17_i686.manylinux2014_i686.whl", hash = "sha256:a7183d84da20c89b2a366bf581f0d79d1e248909678f164e8536f291120432e8"},
    {file = "marisa_trie-1.2.0-pp39-pypy39_pp73-win_amd64.whl", hash = "sha256:c7f4df4163202b0aa5dad3eeddf088ecb61e9101986c8b31f1e052ebd6df9292"},
    {file = "marisa_trie-1.2.0.tar.gz", hash = "sha256:fedfc67497f8aa2757756b5cf493759f245d321fb78914ce125b6d75daa89b5f"},
]

[[package]]
name = "markupsafe"
version = "2.1.5"
requires_python = ">=3.7"
summary = "Safely add untrusted strings to HTML/XML markup."
groups = ["default"]
files = [
    {file = "MarkupSafe-2.1.5-cp312-cp312-macosx_10_9_universal2.whl", hash = "sha256:8dec4936e9c3100156f8a2dc89c4b88d5c435175ff03413b443469c7c8c5f4d1"},
    {file = "MarkupSafe-2.1.5-cp312-cp312-macosx_10_9_x86_64.whl", hash = "sha256:3c6b973f22eb18a789b1460b4b91bf04ae3f0c4234a0a6aa6b0a92f6f7b951d4"},
    {file = "MarkupSafe-2.1.5-cp312-cp312-manylinux_2_17_aarch64.manylinux2014_aarch64.whl", hash = "sha256:ac07bad82163452a6884fe8fa0963fb98c2346ba78d779ec06bd7a6262132aee"},
    {file = "MarkupSafe-2.1.5-cp312-cp312-manylinux_2_17_x86_64.manylinux2014_x86_64.whl", hash = "sha256:f5dfb42c4604dddc8e4305050aa6deb084540643ed5804d7455b5df8fe16f5e5"},
    {file = "MarkupSafe-2.1.5-cp312-cp312-manylinux_2_5_i686.manylinux1_i686.manylinux_2_17_i686.manylinux2014_i686.whl", hash = "sha256:ea3d8a3d18833cf4304cd2fc9cbb1efe188ca9b5efef2bdac7adc20594a0e46b"},
    {file = "MarkupSafe-2.1.5-cp312-cp312-musllinux_1_1_aarch64.whl", hash = "sha256:d050b3361367a06d752db6ead6e7edeb0009be66bc3bae0ee9d97fb326badc2a"},
    {file = "MarkupSafe-2.1.5-cp312-cp312-musllinux_1_1_i686.whl", hash = "sha256:bec0a414d016ac1a18862a519e54b2fd0fc8bbfd6890376898a6c0891dd82e9f"},
    {file = "MarkupSafe-2.1.5-cp312-cp312-musllinux_1_1_x86_64.whl", hash = "sha256:58c98fee265677f63a4385256a6d7683ab1832f3ddd1e66fe948d5880c21a169"},
    {file = "MarkupSafe-2.1.5-cp312-cp312-win32.whl", hash = "sha256:8590b4ae07a35970728874632fed7bd57b26b0102df2d2b233b6d9d82f6c62ad"},
    {file = "MarkupSafe-2.1.5-cp312-cp312-win_amd64.whl", hash = "sha256:823b65d8706e32ad2df51ed89496147a42a2a6e01c13cfb6ffb8b1e92bc910bb"},
    {file = "MarkupSafe-2.1.5.tar.gz", hash = "sha256:d283d37a890ba4c1ae73ffadf8046435c76e7bc2247bbb63c00bd1a709c6544b"},
]

[[package]]
name = "mccabe"
version = "0.7.0"
requires_python = ">=3.6"
summary = "McCabe checker, plugin for flake8"
groups = ["dev"]
files = [
    {file = "mccabe-0.7.0-py2.py3-none-any.whl", hash = "sha256:6c2d30ab6be0e4a46919781807b4f0d834ebdd6c6e3dca0bda5a15f863427b6e"},
    {file = "mccabe-0.7.0.tar.gz", hash = "sha256:348e0240c33b60bbdf4e523192ef919f28cb2c3d7d5c7794f74009290f236325"},
]

[[package]]
name = "murmurhash"
version = "1.0.10"
requires_python = ">=3.6"
summary = "Cython bindings for MurmurHash"
groups = ["default"]
files = [
    {file = "murmurhash-1.0.10-cp312-cp312-macosx_10_9_x86_64.whl", hash = "sha256:96f0a070344d4802ea76a160e0d4c88b7dc10454d2426f48814482ba60b38b9e"},
    {file = "murmurhash-1.0.10-cp312-cp312-macosx_11_0_arm64.whl", hash = "sha256:9f61862060d677c84556610ac0300a0776cb13cb3155f5075ed97e80f86e55d9"},
    {file = "murmurhash-1.0.10-cp312-cp312-manylinux_2_17_aarch64.manylinux2014_aarch64.whl", hash = "sha256:b3b6d2d877d8881a08be66d906856d05944be0faf22b9a0390338bcf45299989"},
    {file = "murmurhash-1.0.10-cp312-cp312-manylinux_2_5_x86_64.manylinux1_x86_64.manylinux_2_17_x86_64.manylinux2014_x86_64.whl", hash = "sha256:d8f54b0031d8696fed17ed6e9628f339cdea0ba2367ca051e18ff59193f52687"},
    {file = "murmurhash-1.0.10-cp312-cp312-win_amd64.whl", hash = "sha256:97e09d675de2359e586f09de1d0de1ab39f9911edffc65c9255fb5e04f7c1f85"},
    {file = "murmurhash-1.0.10.tar.gz", hash = "sha256:5282aab1317804c6ebd6dd7f69f15ba9075aee671c44a34be2bde0f1b11ef88a"},
]

[[package]]
name = "mypy-extensions"
version = "1.0.0"
requires_python = ">=3.5"
summary = "Type system extensions for programs checked with the mypy type checker."
groups = ["dev"]
files = [
    {file = "mypy_extensions-1.0.0-py3-none-any.whl", hash = "sha256:4392f6c0eb8a5668a69e23d168ffa70f0be9ccfd32b5cc2d26a34ae5b844552d"},
    {file = "mypy_extensions-1.0.0.tar.gz", hash = "sha256:75dbf8955dc00442a438fc4d0666508a9a97b6bd41aa2f0ffe9d2f2725af0782"},
]

[[package]]
name = "numpy"
version = "1.26.4"
requires_python = ">=3.9"
summary = "Fundamental package for array computing in Python"
groups = ["default"]
marker = "python_version >= \"3.9\""
files = [
    {file = "numpy-1.26.4-cp312-cp312-macosx_10_9_x86_64.whl", hash = "sha256:b3ce300f3644fb06443ee2222c2201dd3a89ea6040541412b8fa189341847218"},
    {file = "numpy-1.26.4-cp312-cp312-macosx_11_0_arm64.whl", hash = "sha256:03a8c78d01d9781b28a6989f6fa1bb2c4f2d51201cf99d3dd875df6fbd96b23b"},
    {file = "numpy-1.26.4-cp312-cp312-manylinux_2_17_aarch64.manylinux2014_aarch64.whl", hash = "sha256:9fad7dcb1aac3c7f0584a5a8133e3a43eeb2fe127f47e3632d43d677c66c102b"},
    {file = "numpy-1.26.4-cp312-cp312-manylinux_2_17_x86_64.manylinux2014_x86_64.whl", hash = "sha256:675d61ffbfa78604709862923189bad94014bef562cc35cf61d3a07bba02a7ed"},
    {file = "numpy-1.26.4-cp312-cp312-musllinux_1_1_aarch64.whl", hash = "sha256:ab47dbe5cc8210f55aa58e4805fe224dac469cde56b9f731a4c098b91917159a"},
    {file = "numpy-1.26.4-cp312-cp312-musllinux_1_1_x86_64.whl", hash = "sha256:1dda2e7b4ec9dd512f84935c5f126c8bd8b9f2fc001e9f54af255e8c5f16b0e0"},
    {file = "numpy-1.26.4-cp312-cp312-win32.whl", hash = "sha256:50193e430acfc1346175fcbdaa28ffec49947a06918b7b92130744e81e640110"},
    {file = "numpy-1.26.4-cp312-cp312-win_amd64.whl", hash = "sha256:08beddf13648eb95f8d867350f6a018a4be2e5ad54c8d8caed89ebca558b2818"},
    {file = "numpy-1.26.4-pp39-pypy39_pp73-macosx_10_9_x86_64.whl", hash = "sha256:afedb719a9dcfc7eaf2287b839d8198e06dcd4cb5d276a3df279231138e83d30"},
    {file = "numpy-1.26.4-pp39-pypy39_pp73-manylinux_2_17_x86_64.manylinux2014_x86_64.whl", hash = "sha256:95a7476c59002f2f6c590b9b7b998306fba6a5aa646b1e22ddfeaf8f78c3a29c"},
    {file = "numpy-1.26.4-pp39-pypy39_pp73-win_amd64.whl", hash = "sha256:7e50d0a0cc3189f9cb0aeb3a6a6af18c16f59f004b866cd2be1c14b36134a4a0"},
    {file = "numpy-1.26.4.tar.gz", hash = "sha256:2a02aba9ed12e4ac4eb3ea9421c420301a0c6460d9830d74a9df87efa4912010"},
]

[[package]]
name = "packaging"
version = "24.1"
requires_python = ">=3.8"
summary = "Core utilities for Python packages"
groups = ["default", "dev"]
files = [
    {file = "packaging-24.1-py3-none-any.whl", hash = "sha256:5b8f2217dbdbd2f7f384c41c628544e6d52f2d0f53c6d0c3ea61aa5d1d7ff124"},
    {file = "packaging-24.1.tar.gz", hash = "sha256:026ed72c8ed3fcce5bf8950572258698927fd1dbda10a5e981cdf0ac37f4f002"},
]

[[package]]
name = "pathspec"
version = "0.12.1"
requires_python = ">=3.8"
summary = "Utility library for gitignore style pattern matching of file paths."
groups = ["dev"]
files = [
    {file = "pathspec-0.12.1-py3-none-any.whl", hash = "sha256:a0d503e138a4c123b27490a4f7beda6a01c6f288df0e4a8b79c7eb0dc7b4cc08"},
    {file = "pathspec-0.12.1.tar.gz", hash = "sha256:a482d51503a1ab33b1c67a6c3813a26953dbdc71c31dacaef9a838c4e29f5712"},
]

[[package]]
name = "platformdirs"
version = "4.2.2"
requires_python = ">=3.8"
summary = "A small Python package for determining appropriate platform-specific dirs, e.g. a `user data dir`."
groups = ["dev"]
files = [
    {file = "platformdirs-4.2.2-py3-none-any.whl", hash = "sha256:2d7a1657e36a80ea911db832a8a6ece5ee53d8de21edd5cc5879af6530b1bfee"},
    {file = "platformdirs-4.2.2.tar.gz", hash = "sha256:38b7b51f512eed9e84a22788b4bce1de17c0adb134d6becb09836e37d8654cd3"},
]

[[package]]
name = "preshed"
version = "3.0.9"
requires_python = ">=3.6"
summary = "Cython hash table that trusts the keys are pre-hashed"
groups = ["default"]
dependencies = [
    "cymem<2.1.0,>=2.0.2",
    "murmurhash<1.1.0,>=0.28.0",
]
files = [
    {file = "preshed-3.0.9-cp312-cp312-macosx_10_9_x86_64.whl", hash = "sha256:b4fe6720012c62e6d550d6a5c1c7ad88cacef8388d186dad4bafea4140d9d198"},
    {file = "preshed-3.0.9-cp312-cp312-macosx_11_0_arm64.whl", hash = "sha256:e04f05758875be9751e483bd3c519c22b00d3b07f5a64441ec328bb9e3c03700"},
    {file = "preshed-3.0.9-cp312-cp312-manylinux_2_17_aarch64.manylinux2014_aarch64.whl", hash = "sha256:4a55091d0e395f1fdb62ab43401bb9f8b46c7d7794d5b071813c29dc1ab22fd0"},
    {file = "preshed-3.0.9-cp312-cp312-manylinux_2_5_x86_64.manylinux1_x86_64.manylinux_2_17_x86_64.manylinux2014_x86_64.whl", hash = "sha256:7de8f5138bcac7870424e09684dc3dd33c8e30e81b269f6c9ede3d8c7bb8e257"},
    {file = "preshed-3.0.9-cp312-cp312-win_amd64.whl", hash = "sha256:24229c77364628743bc29c5620c5d6607ed104f0e02ae31f8a030f99a78a5ceb"},
    {file = "preshed-3.0.9.tar.gz", hash = "sha256:721863c5244ffcd2651ad0928951a2c7c77b102f4e11a251ad85d37ee7621660"},
]

[[package]]
name = "pycodestyle"
version = "2.12.0"
requires_python = ">=3.8"
summary = "Python style guide checker"
groups = ["dev"]
files = [
    {file = "pycodestyle-2.12.0-py2.py3-none-any.whl", hash = "sha256:949a39f6b86c3e1515ba1787c2022131d165a8ad271b11370a8819aa070269e4"},
    {file = "pycodestyle-2.12.0.tar.gz", hash = "sha256:442f950141b4f43df752dd303511ffded3a04c2b6fb7f65980574f0c31e6e79c"},
]

[[package]]
name = "pydantic"
version = "2.7.4"
requires_python = ">=3.8"
summary = "Data validation using Python type hints"
groups = ["default"]
dependencies = [
    "annotated-types>=0.4.0",
    "pydantic-core==2.18.4",
    "typing-extensions>=4.6.1",
]
files = [
    {file = "pydantic-2.7.4-py3-none-any.whl", hash = "sha256:ee8538d41ccb9c0a9ad3e0e5f07bf15ed8015b481ced539a1759d8cc89ae90d0"},
    {file = "pydantic-2.7.4.tar.gz", hash = "sha256:0c84efd9548d545f63ac0060c1e4d39bb9b14db8b3c0652338aecc07b5adec52"},
]

[[package]]
name = "pydantic-core"
version = "2.18.4"
requires_python = ">=3.8"
summary = "Core functionality for Pydantic validation and serialization"
groups = ["default"]
dependencies = [
    "typing-extensions!=4.7.0,>=4.6.0",
]
files = [
    {file = "pydantic_core-2.18.4-cp312-cp312-macosx_10_12_x86_64.whl", hash = "sha256:6f5c4d41b2771c730ea1c34e458e781b18cc668d194958e0112455fff4e402b2"},
    {file = "pydantic_core-2.18.4-cp312-cp312-macosx_11_0_arm64.whl", hash = "sha256:2fdf2156aa3d017fddf8aea5adfba9f777db1d6022d392b682d2a8329e087cef"},
    {file = "pydantic_core-2.18.4-cp312-cp312-manylinux_2_17_aarch64.manylinux2014_aarch64.whl", hash = "sha256:4748321b5078216070b151d5271ef3e7cc905ab170bbfd27d5c83ee3ec436695"},
    {file = "pydantic_core-2.18.4-cp312-cp312-manylinux_2_17_armv7l.manylinux2014_armv7l.whl", hash = "sha256:847a35c4d58721c5dc3dba599878ebbdfd96784f3fb8bb2c356e123bdcd73f34"},
    {file = "pydantic_core-2.18.4-cp312-cp312-manylinux_2_17_ppc64le.manylinux2014_ppc64le.whl", hash = "sha256:3c40d4eaad41f78e3bbda31b89edc46a3f3dc6e171bf0ecf097ff7a0ffff7cb1"},
    {file = "pydantic_core-2.18.4-cp312-cp312-manylinux_2_17_s390x.manylinux2014_s390x.whl", hash = "sha256:21a5e440dbe315ab9825fcd459b8814bb92b27c974cbc23c3e8baa2b76890077"},
    {file = "pydantic_core-2.18.4-cp312-cp312-manylinux_2_17_x86_64.manylinux2014_x86_64.whl", hash = "sha256:01dd777215e2aa86dfd664daed5957704b769e726626393438f9c87690ce78c3"},
    {file = "pydantic_core-2.18.4-cp312-cp312-manylinux_2_5_i686.manylinux1_i686.whl", hash = "sha256:4b06beb3b3f1479d32befd1f3079cc47b34fa2da62457cdf6c963393340b56e9"},
    {file = "pydantic_core-2.18.4-cp312-cp312-musllinux_1_1_aarch64.whl", hash = "sha256:564d7922e4b13a16b98772441879fcdcbe82ff50daa622d681dd682175ea918c"},
    {file = "pydantic_core-2.18.4-cp312-cp312-musllinux_1_1_x86_64.whl", hash = "sha256:0eb2a4f660fcd8e2b1c90ad566db2b98d7f3f4717c64fe0a83e0adb39766d5b8"},
    {file = "pydantic_core-2.18.4-cp312-none-win32.whl", hash = "sha256:8b8bab4c97248095ae0c4455b5a1cd1cdd96e4e4769306ab19dda135ea4cdb07"},
    {file = "pydantic_core-2.18.4-cp312-none-win_amd64.whl", hash = "sha256:14601cdb733d741b8958224030e2bfe21a4a881fb3dd6fbb21f071cabd48fa0a"},
    {file = "pydantic_core-2.18.4-cp312-none-win_arm64.whl", hash = "sha256:c1322d7dd74713dcc157a2b7898a564ab091ca6c58302d5c7b4c07296e3fd00f"},
    {file = "pydantic_core-2.18.4-pp310-pypy310_pp73-macosx_10_12_x86_64.whl", hash = "sha256:574d92eac874f7f4db0ca653514d823a0d22e2354359d0759e3f6a406db5d55d"},
    {file = "pydantic_core-2.18.4-pp310-pypy310_pp73-macosx_11_0_arm64.whl", hash = "sha256:1f4d26ceb5eb9eed4af91bebeae4b06c3fb28966ca3a8fb765208cf6b51102ab"},
    {file = "pydantic_core-2.18.4-pp310-pypy310_pp73-manylinux_2_17_aarch64.manylinux2014_aarch64.whl", hash = "sha256:77450e6d20016ec41f43ca4a6c63e9fdde03f0ae3fe90e7c27bdbeaece8b1ed4"},
    {file = "pydantic_core-2.18.4-pp310-pypy310_pp73-manylinux_2_17_x86_64.manylinux2014_x86_64.whl", hash = "sha256:d323a01da91851a4f17bf592faf46149c9169d68430b3146dcba2bb5e5719abc"},
    {file = "pydantic_core-2.18.4-pp310-pypy310_pp73-manylinux_2_5_i686.manylinux1_i686.whl", hash = "sha256:43d447dd2ae072a0065389092a231283f62d960030ecd27565672bd40746c507"},
    {file = "pydantic_core-2.18.4-pp310-pypy310_pp73-musllinux_1_1_aarch64.whl", hash = "sha256:578e24f761f3b425834f297b9935e1ce2e30f51400964ce4801002435a1b41ef"},
    {file = "pydantic_core-2.18.4-pp310-pypy310_pp73-musllinux_1_1_x86_64.whl", hash = "sha256:81b5efb2f126454586d0f40c4d834010979cb80785173d1586df845a632e4e6d"},
    {file = "pydantic_core-2.18.4-pp310-pypy310_pp73-win_amd64.whl", hash = "sha256:ab86ce7c8f9bea87b9d12c7f0af71102acbf5ecbc66c17796cff45dae54ef9a5"},
    {file = "pydantic_core-2.18.4-pp39-pypy39_pp73-macosx_10_12_x86_64.whl", hash = "sha256:90afc12421df2b1b4dcc975f814e21bc1754640d502a2fbcc6d41e77af5ec312"},
    {file = "pydantic_core-2.18.4-pp39-pypy39_pp73-macosx_11_0_arm64.whl", hash = "sha256:51991a89639a912c17bef4b45c87bd83593aee0437d8102556af4885811d59f5"},
    {file = "pydantic_core-2.18.4-pp39-pypy39_pp73-manylinux_2_17_aarch64.manylinux2014_aarch64.whl", hash = "sha256:293afe532740370aba8c060882f7d26cfd00c94cae32fd2e212a3a6e3b7bc15e"},
    {file = "pydantic_core-2.18.4-pp39-pypy39_pp73-manylinux_2_17_x86_64.manylinux2014_x86_64.whl", hash = "sha256:b48ece5bde2e768197a2d0f6e925f9d7e3e826f0ad2271120f8144a9db18d5c8"},
    {file = "pydantic_core-2.18.4-pp39-pypy39_pp73-manylinux_2_5_i686.manylinux1_i686.whl", hash = "sha256:eae237477a873ab46e8dd748e515c72c0c804fb380fbe6c85533c7de51f23a8f"},
    {file = "pydantic_core-2.18.4-pp39-pypy39_pp73-musllinux_1_1_aarch64.whl", hash = "sha256:834b5230b5dfc0c1ec37b2fda433b271cbbc0e507560b5d1588e2cc1148cf1ce"},
    {file = "pydantic_core-2.18.4-pp39-pypy39_pp73-musllinux_1_1_x86_64.whl", hash = "sha256:e858ac0a25074ba4bce653f9b5d0a85b7456eaddadc0ce82d3878c22489fa4ee"},
    {file = "pydantic_core-2.18.4-pp39-pypy39_pp73-win_amd64.whl", hash = "sha256:2fd41f6eff4c20778d717af1cc50eca52f5afe7805ee530a4fbd0bae284f16e9"},
    {file = "pydantic_core-2.18.4.tar.gz", hash = "sha256:ec3beeada09ff865c344ff3bc2f427f5e6c26401cc6113d77e372c3fdac73864"},
]

[[package]]
name = "pyflakes"
version = "3.2.0"
requires_python = ">=3.8"
summary = "passive checker of Python programs"
groups = ["dev"]
files = [
    {file = "pyflakes-3.2.0-py2.py3-none-any.whl", hash = "sha256:84b5be138a2dfbb40689ca07e2152deb896a65c3a3e24c251c5c62489568074a"},
    {file = "pyflakes-3.2.0.tar.gz", hash = "sha256:1c61603ff154621fb2a9172037d84dca3500def8c8b630657d1701f026f8af3f"},
]

[[package]]
name = "requests"
version = "2.32.2"
requires_python = ">=3.8"
summary = "Python HTTP for Humans."
groups = ["default"]
dependencies = [
    "certifi>=2017.4.17",
    "charset-normalizer<4,>=2",
    "idna<4,>=2.5",
    "urllib3<3,>=1.21.1",
]
files = [
    {file = "requests-2.32.2-py3-none-any.whl", hash = "sha256:fc06670dd0ed212426dfeb94fc1b983d917c4f9847c863f313c9dfaaffb7c23c"},
    {file = "requests-2.32.2.tar.gz", hash = "sha256:dd951ff5ecf3e3b3aa26b40703ba77495dab41da839ae72ef3c8e5d8e2433289"},
]

[[package]]
name = "setuptools"
version = "70.0.0"
requires_python = ">=3.8"
summary = "Easily download, build, install, upgrade, and uninstall Python packages"
groups = ["default"]
files = [
    {file = "setuptools-70.0.0-py3-none-any.whl", hash = "sha256:54faa7f2e8d2d11bcd2c07bed282eef1046b5c080d1c32add737d7b5817b1ad4"},
    {file = "setuptools-70.0.0.tar.gz", hash = "sha256:f211a66637b8fa059bb28183da127d4e86396c991a942b028c6650d4319c3fd0"},
]

[[package]]
name = "smart-open"
version = "6.4.0"
requires_python = ">=3.6,<4.0"
summary = "Utils for streaming large files (S3, HDFS, GCS, Azure Blob Storage, gzip, bz2...)"
groups = ["default"]
files = [
    {file = "smart_open-6.4.0-py3-none-any.whl", hash = "sha256:8d3ef7e6997e8e42dd55c74166ed21e6ac70664caa32dd940b26d54a8f6b4142"},
    {file = "smart_open-6.4.0.tar.gz", hash = "sha256:be3c92c246fbe80ebce8fbacb180494a481a77fcdcb7c1aadb2ea5b9c2bee8b9"},
]

[[package]]
name = "spacy"
version = "3.7.4"
requires_python = ">=3.7"
summary = "Industrial-strength Natural Language Processing (NLP) in Python"
groups = ["default"]
dependencies = [
    "catalogue<2.1.0,>=2.0.6",
    "cymem<2.1.0,>=2.0.2",
    "jinja2",
    "langcodes<4.0.0,>=3.2.0",
    "murmurhash<1.1.0,>=0.28.0",
    "numpy>=1.19.0; python_version >= \"3.9\"",
    "packaging>=20.0",
    "preshed<3.1.0,>=3.0.2",
    "pydantic!=1.8,!=1.8.1,<3.0.0,>=1.7.4",
    "requests<3.0.0,>=2.13.0",
    "setuptools",
    "smart-open<7.0.0,>=5.2.1",
    "spacy-legacy<3.1.0,>=3.0.11",
    "spacy-loggers<2.0.0,>=1.0.0",
    "srsly<3.0.0,>=2.4.3",
    "thinc<8.3.0,>=8.2.2",
    "tqdm<5.0.0,>=4.38.0",
    "typer<0.10.0,>=0.3.0",
    "wasabi<1.2.0,>=0.9.1",
    "weasel<0.4.0,>=0.1.0",
]
files = [
    {file = "spacy-3.7.4-cp312-cp312-macosx_10_9_x86_64.whl", hash = "sha256:b982ebab417189346acb4722637c573830d62e157ba336c3eb6c417249344be1"},
    {file = "spacy-3.7.4-cp312-cp312-macosx_11_0_arm64.whl", hash = "sha256:e7c29e152d8ea060af60da9410fa8ef038f3c9068a206905ee5c704de78f6e87"},
    {file = "spacy-3.7.4-cp312-cp312-manylinux_2_17_aarch64.manylinux2014_aarch64.whl", hash = "sha256:023c9a008328f55c4717c56c4f8a28073b9961547f7d38a9405c967a52e66d59"},
    {file = "spacy-3.7.4-cp312-cp312-manylinux_2_17_x86_64.manylinux2014_x86_64.whl", hash = "sha256:d1969d3d0fd0c811b7485438460f0ae8cfe16d46b54bcb8d1c26e70914e67e3d"},
    {file = "spacy-3.7.4-cp312-cp312-win_amd64.whl", hash = "sha256:040f7df5096c817450820eaaa426d54ed266254d16974e9a707a32f5b0f139ae"},
    {file = "spacy-3.7.4.tar.gz", hash = "sha256:525f2ced2e40761562c8cace93ef6a1e6e8c483f27bd564bc1b15f608efbe85b"},
]

[[package]]
name = "spacy-legacy"
version = "3.0.12"
requires_python = ">=3.6"
summary = "Legacy registered functions for spaCy backwards compatibility"
groups = ["default"]
files = [
    {file = "spacy-legacy-3.0.12.tar.gz", hash = "sha256:b37d6e0c9b6e1d7ca1cf5bc7152ab64a4c4671f59c85adaf7a3fcb870357a774"},
    {file = "spacy_legacy-3.0.12-py2.py3-none-any.whl", hash = "sha256:476e3bd0d05f8c339ed60f40986c07387c0a71479245d6d0f4298dbd52cda55f"},
]

[[package]]
name = "spacy-loggers"
version = "1.0.5"
requires_python = ">=3.6"
summary = "Logging utilities for SpaCy"
groups = ["default"]
files = [
    {file = "spacy-loggers-1.0.5.tar.gz", hash = "sha256:d60b0bdbf915a60e516cc2e653baeff946f0cfc461b452d11a4d5458c6fe5f24"},
    {file = "spacy_loggers-1.0.5-py3-none-any.whl", hash = "sha256:196284c9c446cc0cdb944005384270d775fdeaf4f494d8e269466cfa497ef645"},
]

[[package]]
name = "srsly"
version = "2.4.8"
requires_python = ">=3.6"
summary = "Modern high-performance serialization utilities for Python"
groups = ["default"]
dependencies = [
    "catalogue<2.1.0,>=2.0.3",
]
files = [
    {file = "srsly-2.4.8-cp312-cp312-macosx_10_9_x86_64.whl", hash = "sha256:7583c03d114b4478b7a357a1915305163e9eac2dfe080da900555c975cca2a11"},
    {file = "srsly-2.4.8-cp312-cp312-macosx_11_0_arm64.whl", hash = "sha256:94ccdd2f6db824c31266aaf93e0f31c1c43b8bc531cd2b3a1d924e3c26a4f294"},
    {file = "srsly-2.4.8-cp312-cp312-manylinux_2_17_aarch64.manylinux2014_aarch64.whl", hash = "sha256:db72d2974f91aee652d606c7def98744ca6b899bd7dd3009fd75ebe0b5a51034"},
    {file = "srsly-2.4.8-cp312-cp312-manylinux_2_17_x86_64.manylinux2014_x86_64.whl", hash = "sha256:6a60c905fd2c15e848ce1fc315fd34d8a9cc72c1dee022a0d8f4c62991131307"},
    {file = "srsly-2.4.8-cp312-cp312-win_amd64.whl", hash = "sha256:e0b8d5722057000694edf105b8f492e7eb2f3aa6247a5f0c9170d1e0d074151c"},
    {file = "srsly-2.4.8.tar.gz", hash = "sha256:b24d95a65009c2447e0b49cda043ac53fecf4f09e358d87a57446458f91b8a91"},
]

[[package]]
name = "thinc"
version = "8.2.4"
requires_python = ">=3.6"
summary = "A refreshing functional take on deep learning, compatible with your favorite libraries"
groups = ["default"]
dependencies = [
    "blis<0.8.0,>=0.7.8",
    "catalogue<2.1.0,>=2.0.4",
    "confection<1.0.0,>=0.0.1",
    "cymem<2.1.0,>=2.0.2",
    "murmurhash<1.1.0,>=1.0.2",
    "numpy>=1.19.0; python_version >= \"3.9\"",
    "packaging>=20.0",
    "preshed<3.1.0,>=3.0.2",
    "pydantic!=1.8,!=1.8.1,<3.0.0,>=1.7.4",
    "setuptools",
    "srsly<3.0.0,>=2.4.0",
    "wasabi<1.2.0,>=0.8.1",
]
files = [
    {file = "thinc-8.2.4-cp312-cp312-macosx_10_9_x86_64.whl", hash = "sha256:997a1a399af074b34e25695f37ad48f8437e7c150705891f4db89aeb430df35a"},
    {file = "thinc-8.2.4-cp312-cp312-macosx_11_0_arm64.whl", hash = "sha256:8e28ba753cdf925ac25b52ea6c4baf5104c6ed6874d9e3dfe768ff98d5118db1"},
    {file = "thinc-8.2.4-cp312-cp312-manylinux_2_17_aarch64.manylinux2014_aarch64.whl", hash = "sha256:b5c3874361a1d3c469dd7c9054d4d16b7afcf791e9c47705766d690685fe702d"},
    {file = "thinc-8.2.4-cp312-cp312-manylinux_2_17_x86_64.manylinux2014_x86_64.whl", hash = "sha256:c4a22e76e4651fb6b209cfba2e1c167e8537286ae35fb87769a17af491f995b5"},
    {file = "thinc-8.2.4-cp312-cp312-win_amd64.whl", hash = "sha256:ebfd9d79d2bdadec551cb9ca8c7fdeacb56db642158c56cdb039de47e9aad995"},
    {file = "thinc-8.2.4.tar.gz", hash = "sha256:9383b39f286291519ebbb6454bab76404992599b0cbdfaec56b2f985023186a7"},
]

[[package]]
name = "tqdm"
version = "4.66.4"
requires_python = ">=3.7"
summary = "Fast, Extensible Progress Meter"
groups = ["default"]
dependencies = [
    "colorama; platform_system == \"Windows\"",
]
files = [
    {file = "tqdm-4.66.4-py3-none-any.whl", hash = "sha256:b75ca56b413b030bc3f00af51fd2c1a1a5eac6a0c1cca83cbb37a5c52abce644"},
    {file = "tqdm-4.66.4.tar.gz", hash = "sha256:e4d936c9de8727928f3be6079590e97d9abfe8d39a590be678eb5919ffc186bb"},
]

[[package]]
name = "typer"
version = "0.9.4"
requires_python = ">=3.6"
summary = "Typer, build great CLIs. Easy to code. Based on Python type hints."
groups = ["default"]
dependencies = [
    "click<9.0.0,>=7.1.1",
    "typing-extensions>=3.7.4.3",
]
files = [
    {file = "typer-0.9.4-py3-none-any.whl", hash = "sha256:aa6c4a4e2329d868b80ecbaf16f807f2b54e192209d7ac9dd42691d63f7a54eb"},
    {file = "typer-0.9.4.tar.gz", hash = "sha256:f714c2d90afae3a7929fcd72a3abb08df305e1ff61719381384211c4070af57f"},
]

[[package]]
name = "typing-extensions"
version = "4.12.2"
requires_python = ">=3.8"
summary = "Backported and Experimental Type Hints for Python 3.8+"
groups = ["default"]
files = [
    {file = "typing_extensions-4.12.2-py3-none-any.whl", hash = "sha256:04e5ca0351e0f3f85c6853954072df659d0d13fac324d0072316b67d7794700d"},
    {file = "typing_extensions-4.12.2.tar.gz", hash = "sha256:1a7ead55c7e559dd4dee8856e3a88b41225abfe1ce8df57b7c13915fe121ffb8"},
]

[[package]]
name = "urllib3"
version = "2.2.1"
requires_python = ">=3.8"
summary = "HTTP library with thread-safe connection pooling, file post, and more."
groups = ["default"]
files = [
    {file = "urllib3-2.2.1-py3-none-any.whl", hash = "sha256:450b20ec296a467077128bff42b73080516e71b56ff59a60a02bef2232c4fa9d"},
    {file = "urllib3-2.2.1.tar.gz", hash = "sha256:d0570876c61ab9e520d776c38acbbb5b05a776d3f9ff98a5c8fd5162a444cf19"},
]

[[package]]
name = "wasabi"
version = "1.1.3"
requires_python = ">=3.6"
summary = "A lightweight console printing and formatting toolkit"
groups = ["default"]
dependencies = [
    "colorama>=0.4.6; sys_platform == \"win32\" and python_version >= \"3.7\"",
]
files = [
    {file = "wasabi-1.1.3-py3-none-any.whl", hash = "sha256:f76e16e8f7e79f8c4c8be49b4024ac725713ab10cd7f19350ad18a8e3f71728c"},
    {file = "wasabi-1.1.3.tar.gz", hash = "sha256:4bb3008f003809db0c3e28b4daf20906ea871a2bb43f9914197d540f4f2e0878"},
]

[[package]]
name = "weasel"
version = "0.3.4"
requires_python = ">=3.6"
summary = "Weasel: A small and easy workflow system"
groups = ["default"]
dependencies = [
    "cloudpathlib<0.17.0,>=0.7.0",
    "confection<0.2.0,>=0.0.4",
    "packaging>=20.0",
    "pydantic!=1.8,!=1.8.1,<3.0.0,>=1.7.4",
    "requests<3.0.0,>=2.13.0",
    "smart-open<7.0.0,>=5.2.1",
    "srsly<3.0.0,>=2.4.3",
    "typer<0.10.0,>=0.3.0",
    "wasabi<1.2.0,>=0.9.1",
]
files = [
    {file = "weasel-0.3.4-py3-none-any.whl", hash = "sha256:ee48a944f051d007201c2ea1661d0c41035028c5d5a8bcb29a0b10f1100206ae"},
    {file = "weasel-0.3.4.tar.gz", hash = "sha256:eb16f92dc9f1a3ffa89c165e3a9acd28018ebb656e0da4da02c0d7d8ae3f6178"},
]

[[package]]
name = "werkzeug"
version = "3.0.3"
requires_python = ">=3.8"
summary = "The comprehensive WSGI web application library."
groups = ["default"]
dependencies = [
    "MarkupSafe>=2.1.1",
]
files = [
    {file = "werkzeug-3.0.3-py3-none-any.whl", hash = "sha256:fc9645dc43e03e4d630d23143a04a7f947a9a3b5727cd535fdfe155a17cc48c8"},
    {file = "werkzeug-3.0.3.tar.gz", hash = "sha256:097e5bfda9f0aba8da6b8545146def481d06aa7d3266e7448e2cccf67dd8bd18"},
]
