
Microsoft Visual Studio Solution File, Format Version 12.00
# Visual Studio Version 17
VisualStudioVersion = 17.5.002.0
MinimumVisualStudioVersion = 10.0.40219.1
Project("{9A19103F-16F7-4668-BE54-9A1E7A4F7556}") = "performance", "performance.csproj", "{38A73FF2-26F6-436A-ABC6-63CACA3F125A}"
EndProject
Global
	GlobalSection(SolutionConfigurationPlatforms) = preSolution
		Debug|Any CPU = Debug|Any CPU
		Release|Any CPU = Release|Any CPU
	EndGlobalSection
	GlobalSection(ProjectConfigurationPlatforms) = postSolution
		{38A73FF2-26F6-436A-ABC6-63CACA3F125A}.Debug|Any CPU.ActiveCfg = Debug|Any CPU
		{38A73FF2-26F6-436A-ABC6-63CACA3F125A}.Debug|Any CPU.Build.0 = Debug|Any CPU
		{38A73FF2-26F6-436A-ABC6-63CACA3F125A}.Release|Any CPU.ActiveCfg = Release|Any CPU
		{38A73FF2-26F6-436A-ABC6-63CACA3F125A}.Release|Any CPU.Build.0 = Release|Any CPU
	EndGlobalSection
	GlobalSection(SolutionProperties) = preSolution
		HideSolutionNode = FALSE
	EndGlobalSection
	GlobalSection(ExtensibilityGlobals) = postSolution
		SolutionGuid = {9BF13B7B-376D-4E8D-9106-673414CC90D0}
	EndGlobalSection
EndGlobal
